
Microsoft Visual Studio Solution File, Format Version 12.00
# Visual Studio Express 2012 for Windows Desktop
Project("{8BC9CEB8-8B4A-11D0-8D11-00A0C91BC942}") = "3.5.3", "3.5.3\3.5.3.vcxproj", "{55261C19-D783-46BC-971F-17E184F28F3E}"
EndProject
Global
	GlobalSection(SolutionConfigurationPlatforms) = preSolution
		Debug|Win32 = Debug|Win32
		Release|Win32 = Release|Win32
	EndGlobalSection
	GlobalSection(ProjectConfigurationPlatforms) = postSolution
		{55261C19-D783-46BC-971F-17E184F28F3E}.Debug|Win32.ActiveCfg = Debug|Win32
		{55261C19-D783-46BC-971F-17E184F28F3E}.Debug|Win32.Build.0 = Debug|Win32
		{55261C19-D783-46BC-971F-17E184F28F3E}.Release|Win32.ActiveCfg = Release|Win32
		{55261C19-D783-46BC-971F-17E184F28F3E}.Release|Win32.Build.0 = Release|Win32
	EndGlobalSection
	GlobalSection(SolutionProperties) = preSolution
		HideSolutionNode = FALSE
	EndGlobalSection
EndGlobal
