
Microsoft Visual Studio Solution File, Format Version 12.00
# Visual Studio Express 2012 for Windows Desktop
Project("{8BC9CEB8-8B4A-11D0-8D11-00A0C91BC942}") = "3.4.2", "3.4.2\3.4.2.vcxproj", "{F6ED925C-AB4B-45DA-AA09-57812AD31960}"
EndProject
Global
	GlobalSection(SolutionConfigurationPlatforms) = preSolution
		Debug|Win32 = Debug|Win32
		Release|Win32 = Release|Win32
	EndGlobalSection
	GlobalSection(ProjectConfigurationPlatforms) = postSolution
		{F6ED925C-AB4B-45DA-AA09-57812AD31960}.Debug|Win32.ActiveCfg = Debug|Win32
		{F6ED925C-AB4B-45DA-AA09-57812AD31960}.Debug|Win32.Build.0 = Debug|Win32
		{F6ED925C-AB4B-45DA-AA09-57812AD31960}.Release|Win32.ActiveCfg = Release|Win32
		{F6ED925C-AB4B-45DA-AA09-57812AD31960}.Release|Win32.Build.0 = Release|Win32
	EndGlobalSection
	GlobalSection(SolutionProperties) = preSolution
		HideSolutionNode = FALSE
	EndGlobalSection
EndGlobal
